
Microsoft Visual Studio Solution File, Format Version 12.00
# Visual Studio Version 17
VisualStudioVersion = 17.14.36429.23 d17.14
MinimumVisualStudioVersion = 10.0.40219.1
Project("{FAE04EC0-301F-11D3-BF4B-00C04F79EFBC}") = "INSY7315-WEBSITE", "INSY7315-WEBSITE\INSY7315-WEBSITE.csproj", "{FC8EC69A-7F46-4807-8093-C8D35435406F}"
EndProject
Global
	GlobalSection(SolutionConfigurationPlatforms) = preSolution
		Debug|Any CPU = Debug|Any CPU
		Release|Any CPU = Release|Any CPU
	EndGlobalSection
	GlobalSection(ProjectConfigurationPlatforms) = postSolution
		{FC8EC69A-7F46-4807-8093-C8D35435406F}.Debug|Any CPU.ActiveCfg = Debug|Any CPU
		{FC8EC69A-7F46-4807-8093-C8D35435406F}.Debug|Any CPU.Build.0 = Debug|Any CPU
		{FC8EC69A-7F46-4807-8093-C8D35435406F}.Release|Any CPU.ActiveCfg = Release|Any CPU
		{FC8EC69A-7F46-4807-8093-C8D35435406F}.Release|Any CPU.Build.0 = Release|Any CPU
	EndGlobalSection
	GlobalSection(SolutionProperties) = preSolution
		HideSolutionNode = FALSE
	EndGlobalSection
	GlobalSection(ExtensibilityGlobals) = postSolution
		SolutionGuid = {0BC2D280-F979-4BA3-BE84-70BCD8848D65}
	EndGlobalSection
EndGlobal
